// !$*UTF8*$!
{
	archiveVersion = 1;
	classes = {
	};
	objectVersion = 46;
	objects = {

/* Begin PBXBuildFile section */
		38BBB4FD3B9FD523D5A4FD27 /* Pods_Mooney.framework in Frameworks */ = {isa = PBXBuildFile; fileRef = BAD40D0FA2E3DB0CF3686803 /* Pods_Mooney.framework */; };
		BA101E821E25045500412EA7 /* NotificationCenter.framework in Frameworks */ = {isa = PBXBuildFile; fileRef = BA101E811E25045500412EA7 /* NotificationCenter.framework */; };
		BA101E851E25045500412EA7 /* TodayViewController.swift in Sources */ = {isa = PBXBuildFile; fileRef = BA101E841E25045500412EA7 /* TodayViewController.swift */; };
		BA101E881E25045500412EA7 /* MainInterface.storyboard in Resources */ = {isa = PBXBuildFile; fileRef = BA101E861E25045500412EA7 /* MainInterface.storyboard */; };
		BA101E8C1E25045500412EA7 /* Mooney Widget.appex in Embed App Extensions */ = {isa = PBXBuildFile; fileRef = BA101E801E25045500412EA7 /* Mooney Widget.appex */; settings = {ATTRIBUTES = (RemoveHeadersOnCopy, ); }; };
		BA200FCE1D73EB7E00607A94 /* Category+CoreDataProperties.swift in Sources */ = {isa = PBXBuildFile; fileRef = BA200FC61D73EB7E00607A94 /* Category+CoreDataProperties.swift */; };
		BA200FCF1D73EB7E00607A94 /* Category.swift in Sources */ = {isa = PBXBuildFile; fileRef = BA200FC71D73EB7E00607A94 /* Category.swift */; };
		BA200FD01D73EB7E00607A94 /* Account+CoreDataProperties.swift in Sources */ = {isa = PBXBuildFile; fileRef = BA200FC81D73EB7E00607A94 /* Account+CoreDataProperties.swift */; };
		BA200FD11D73EB7E00607A94 /* Account.swift in Sources */ = {isa = PBXBuildFile; fileRef = BA200FC91D73EB7E00607A94 /* Account.swift */; };
		BA200FD21D73EB7E00607A94 /* Transaction+CoreDataProperties.swift in Sources */ = {isa = PBXBuildFile; fileRef = BA200FCA1D73EB7E00607A94 /* Transaction+CoreDataProperties.swift */; };
		BA200FD31D73EB7E00607A94 /* Transaction.swift in Sources */ = {isa = PBXBuildFile; fileRef = BA200FCB1D73EB7E00607A94 /* Transaction.swift */; };
		BA200FD41D73EB7E00607A94 /* BaseEntity+CoreDataProperties.swift in Sources */ = {isa = PBXBuildFile; fileRef = BA200FCC1D73EB7E00607A94 /* BaseEntity+CoreDataProperties.swift */; };
		BA200FD51D73EB7E00607A94 /* BaseEntity.swift in Sources */ = {isa = PBXBuildFile; fileRef = BA200FCD1D73EB7E00607A94 /* BaseEntity.swift */; };
		BA2CE7E31D9A0BB200254B41 /* API.swift in Sources */ = {isa = PBXBuildFile; fileRef = BA2CE7E21D9A0BB200254B41 /* API.swift */; };
		BA4909351D8F61E800D9DBB6 /* ExtractTransactionTableViewCell.swift in Sources */ = {isa = PBXBuildFile; fileRef = BA4909341D8F61E800D9DBB6 /* ExtractTransactionTableViewCell.swift */; };
		BA4B06261D7B10990000FEF5 /* CoreDataEditViewController.swift in Sources */ = {isa = PBXBuildFile; fileRef = BA4B06251D7B10990000FEF5 /* CoreDataEditViewController.swift */; };
		BA4B06281D7B26B90000FEF5 /* CoreDataDetailsViewController.swift in Sources */ = {isa = PBXBuildFile; fileRef = BA4B06271D7B26B90000FEF5 /* CoreDataDetailsViewController.swift */; };
		BA4CA6D31D7463FF002F80D6 /* AccountDetailsViewController.swift in Sources */ = {isa = PBXBuildFile; fileRef = BA4CA6D21D7463FE002F80D6 /* AccountDetailsViewController.swift */; };
		BA4CA6D51D746425002F80D6 /* CategoryDetailsViewController.swift in Sources */ = {isa = PBXBuildFile; fileRef = BA4CA6D41D746425002F80D6 /* CategoryDetailsViewController.swift */; };
		BA5235501D7CD603005B9BB5 /* AccountEditViewController.swift in Sources */ = {isa = PBXBuildFile; fileRef = BA52354F1D7CD603005B9BB5 /* AccountEditViewController.swift */; };
		BA5235521D7CD742005B9BB5 /* CategoryEditViewController.swift in Sources */ = {isa = PBXBuildFile; fileRef = BA5235511D7CD742005B9BB5 /* CategoryEditViewController.swift */; };
		BA73C6021D7B0E1B004ECDB3 /* TransactionEditViewController.swift in Sources */ = {isa = PBXBuildFile; fileRef = BA73C6011D7B0E1B004ECDB3 /* TransactionEditViewController.swift */; };
		BA888D401D7B09BC00B22CF4 /* Transactions.storyboard in Resources */ = {isa = PBXBuildFile; fileRef = BA888D3F1D7B09BC00B22CF4 /* Transactions.storyboard */; };
		BA888D421D7B0A4500B22CF4 /* Categories.storyboard in Resources */ = {isa = PBXBuildFile; fileRef = BA888D411D7B0A4500B22CF4 /* Categories.storyboard */; };
		BA888D441D7B0AAD00B22CF4 /* Accounts.storyboard in Resources */ = {isa = PBXBuildFile; fileRef = BA888D431D7B0AAD00B22CF4 /* Accounts.storyboard */; };
		BAA1412A1D73168E002A2C10 /* CoreDataTableViewController.swift in Sources */ = {isa = PBXBuildFile; fileRef = BAA141291D73168E002A2C10 /* CoreDataTableViewController.swift */; };
		BAC415291D91D88B00FF8B82 /* Helpers.swift in Sources */ = {isa = PBXBuildFile; fileRef = BAC415281D91D88B00FF8B82 /* Helpers.swift */; };
		BAC4152B1D91E19800FF8B82 /* Configuration.swift in Sources */ = {isa = PBXBuildFile; fileRef = BAC4152A1D91E19800FF8B82 /* Configuration.swift */; };
		BAC4152F1D91F6B400FF8B82 /* KeyboardScrollCoreDataEditViewController.swift in Sources */ = {isa = PBXBuildFile; fileRef = BAC4152E1D91F6B400FF8B82 /* KeyboardScrollCoreDataEditViewController.swift */; };
		BAC4D38E1D6533CF0042C774 /* AppDelegate.swift in Sources */ = {isa = PBXBuildFile; fileRef = BAC4D38D1D6533CF0042C774 /* AppDelegate.swift */; };
		BAC4D3901D6533CF0042C774 /* TransactionsTableViewController.swift in Sources */ = {isa = PBXBuildFile; fileRef = BAC4D38F1D6533CF0042C774 /* TransactionsTableViewController.swift */; };
		BAC4D3931D6533CF0042C774 /* Main.storyboard in Resources */ = {isa = PBXBuildFile; fileRef = BAC4D3911D6533CF0042C774 /* Main.storyboard */; };
		BAC4D3961D6533CF0042C774 /* Mooney.xcdatamodeld in Sources */ = {isa = PBXBuildFile; fileRef = BAC4D3941D6533CF0042C774 /* Mooney.xcdatamodeld */; };
		BAC4D3981D6533CF0042C774 /* Assets.xcassets in Resources */ = {isa = PBXBuildFile; fileRef = BAC4D3971D6533CF0042C774 /* Assets.xcassets */; };
		BAC4D39B1D6533CF0042C774 /* LaunchScreen.storyboard in Resources */ = {isa = PBXBuildFile; fileRef = BAC4D3991D6533CF0042C774 /* LaunchScreen.storyboard */; };
		BAC4D3B01D655DB30042C774 /* CoreDataUtils.swift in Sources */ = {isa = PBXBuildFile; fileRef = BAC4D3AF1D655DB30042C774 /* CoreDataUtils.swift */; };
		BADA7B211D6BEBB700F28FD0 /* TransactionDetailsViewController.swift in Sources */ = {isa = PBXBuildFile; fileRef = BADA7B201D6BEBB700F28FD0 /* TransactionDetailsViewController.swift */; };
		BAE5E89E1D6DDF200084BDE3 /* AccountsTableViewController.swift in Sources */ = {isa = PBXBuildFile; fileRef = BAE5E89D1D6DDF200084BDE3 /* AccountsTableViewController.swift */; };
		BAE5E8A31D6DE08B0084BDE3 /* CategoriesTableViewController.swift in Sources */ = {isa = PBXBuildFile; fileRef = BAE5E8A21D6DE08B0084BDE3 /* CategoriesTableViewController.swift */; };
		BAFE3B8B1D7EF65400764013 /* CurrencyTextField.swift in Sources */ = {isa = PBXBuildFile; fileRef = BAFE3B8A1D7EF65400764013 /* CurrencyTextField.swift */; };
/* End PBXBuildFile section */

/* Begin PBXContainerItemProxy section */
		BA101E8A1E25045500412EA7 /* PBXContainerItemProxy */ = {
			isa = PBXContainerItemProxy;
			containerPortal = BAC4D3821D6533CF0042C774 /* Project object */;
			proxyType = 1;
			remoteGlobalIDString = BA101E7F1E25045500412EA7;
			remoteInfo = "Mooney Widget";
		};
/* End PBXContainerItemProxy section */

/* Begin PBXCopyFilesBuildPhase section */
		BA101E901E25045500412EA7 /* Embed App Extensions */ = {
			isa = PBXCopyFilesBuildPhase;
			buildActionMask = 2147483647;
			dstPath = "";
			dstSubfolderSpec = 13;
			files = (
				BA101E8C1E25045500412EA7 /* Mooney Widget.appex in Embed App Extensions */,
			);
			name = "Embed App Extensions";
			runOnlyForDeploymentPostprocessing = 0;
		};
/* End PBXCopyFilesBuildPhase section */

/* Begin PBXFileReference section */
		39B9912238B6806F5E1C7317 /* Pods-Mooney.release.xcconfig */ = {isa = PBXFileReference; includeInIndex = 1; lastKnownFileType = text.xcconfig; name = "Pods-Mooney.release.xcconfig"; path = "Pods/Target Support Files/Pods-Mooney/Pods-Mooney.release.xcconfig"; sourceTree = "<group>"; };
		BA101E801E25045500412EA7 /* Mooney Widget.appex */ = {isa = PBXFileReference; explicitFileType = "wrapper.app-extension"; includeInIndex = 0; path = "Mooney Widget.appex"; sourceTree = BUILT_PRODUCTS_DIR; };
		BA101E811E25045500412EA7 /* NotificationCenter.framework */ = {isa = PBXFileReference; lastKnownFileType = wrapper.framework; name = NotificationCenter.framework; path = System/Library/Frameworks/NotificationCenter.framework; sourceTree = SDKROOT; };
		BA101E841E25045500412EA7 /* TodayViewController.swift */ = {isa = PBXFileReference; lastKnownFileType = sourcecode.swift; path = TodayViewController.swift; sourceTree = "<group>"; };
		BA101E871E25045500412EA7 /* Base */ = {isa = PBXFileReference; lastKnownFileType = file.storyboard; name = Base; path = Base.lproj/MainInterface.storyboard; sourceTree = "<group>"; };
		BA101E891E25045500412EA7 /* Info.plist */ = {isa = PBXFileReference; lastKnownFileType = text.plist.xml; path = Info.plist; sourceTree = "<group>"; };
		BA200FC61D73EB7E00607A94 /* Category+CoreDataProperties.swift */ = {isa = PBXFileReference; fileEncoding = 4; lastKnownFileType = sourcecode.swift; path = "Category+CoreDataProperties.swift"; sourceTree = "<group>"; };
		BA200FC71D73EB7E00607A94 /* Category.swift */ = {isa = PBXFileReference; fileEncoding = 4; lastKnownFileType = sourcecode.swift; path = Category.swift; sourceTree = "<group>"; };
		BA200FC81D73EB7E00607A94 /* Account+CoreDataProperties.swift */ = {isa = PBXFileReference; fileEncoding = 4; lastKnownFileType = sourcecode.swift; path = "Account+CoreDataProperties.swift"; sourceTree = "<group>"; };
		BA200FC91D73EB7E00607A94 /* Account.swift */ = {isa = PBXFileReference; fileEncoding = 4; lastKnownFileType = sourcecode.swift; path = Account.swift; sourceTree = "<group>"; };
		BA200FCA1D73EB7E00607A94 /* Transaction+CoreDataProperties.swift */ = {isa = PBXFileReference; fileEncoding = 4; lastKnownFileType = sourcecode.swift; path = "Transaction+CoreDataProperties.swift"; sourceTree = "<group>"; };
		BA200FCB1D73EB7E00607A94 /* Transaction.swift */ = {isa = PBXFileReference; fileEncoding = 4; lastKnownFileType = sourcecode.swift; path = Transaction.swift; sourceTree = "<group>"; };
		BA200FCC1D73EB7E00607A94 /* BaseEntity+CoreDataProperties.swift */ = {isa = PBXFileReference; fileEncoding = 4; lastKnownFileType = sourcecode.swift; path = "BaseEntity+CoreDataProperties.swift"; sourceTree = "<group>"; };
		BA200FCD1D73EB7E00607A94 /* BaseEntity.swift */ = {isa = PBXFileReference; fileEncoding = 4; lastKnownFileType = sourcecode.swift; path = BaseEntity.swift; sourceTree = "<group>"; };
		BA2CE7E21D9A0BB200254B41 /* API.swift */ = {isa = PBXFileReference; fileEncoding = 4; lastKnownFileType = sourcecode.swift; path = API.swift; sourceTree = "<group>"; };
		BA4909341D8F61E800D9DBB6 /* ExtractTransactionTableViewCell.swift */ = {isa = PBXFileReference; fileEncoding = 4; lastKnownFileType = sourcecode.swift; path = ExtractTransactionTableViewCell.swift; sourceTree = "<group>"; };
		BA4B06251D7B10990000FEF5 /* CoreDataEditViewController.swift */ = {isa = PBXFileReference; fileEncoding = 4; lastKnownFileType = sourcecode.swift; path = CoreDataEditViewController.swift; sourceTree = "<group>"; };
		BA4B06271D7B26B90000FEF5 /* CoreDataDetailsViewController.swift */ = {isa = PBXFileReference; fileEncoding = 4; lastKnownFileType = sourcecode.swift; path = CoreDataDetailsViewController.swift; sourceTree = "<group>"; };
		BA4CA6D21D7463FE002F80D6 /* AccountDetailsViewController.swift */ = {isa = PBXFileReference; fileEncoding = 4; lastKnownFileType = sourcecode.swift; path = AccountDetailsViewController.swift; sourceTree = "<group>"; };
		BA4CA6D41D746425002F80D6 /* CategoryDetailsViewController.swift */ = {isa = PBXFileReference; fileEncoding = 4; lastKnownFileType = sourcecode.swift; path = CategoryDetailsViewController.swift; sourceTree = "<group>"; };
		BA52354F1D7CD603005B9BB5 /* AccountEditViewController.swift */ = {isa = PBXFileReference; fileEncoding = 4; lastKnownFileType = sourcecode.swift; path = AccountEditViewController.swift; sourceTree = "<group>"; };
		BA5235511D7CD742005B9BB5 /* CategoryEditViewController.swift */ = {isa = PBXFileReference; fileEncoding = 4; lastKnownFileType = sourcecode.swift; path = CategoryEditViewController.swift; sourceTree = "<group>"; };
		BA73C6011D7B0E1B004ECDB3 /* TransactionEditViewController.swift */ = {isa = PBXFileReference; fileEncoding = 4; lastKnownFileType = sourcecode.swift; path = TransactionEditViewController.swift; sourceTree = "<group>"; };
		BA888D3F1D7B09BC00B22CF4 /* Transactions.storyboard */ = {isa = PBXFileReference; fileEncoding = 4; lastKnownFileType = file.storyboard; path = Transactions.storyboard; sourceTree = "<group>"; };
		BA888D411D7B0A4500B22CF4 /* Categories.storyboard */ = {isa = PBXFileReference; fileEncoding = 4; lastKnownFileType = file.storyboard; path = Categories.storyboard; sourceTree = "<group>"; };
		BA888D431D7B0AAD00B22CF4 /* Accounts.storyboard */ = {isa = PBXFileReference; fileEncoding = 4; lastKnownFileType = file.storyboard; path = Accounts.storyboard; sourceTree = "<group>"; };
		BAA141291D73168E002A2C10 /* CoreDataTableViewController.swift */ = {isa = PBXFileReference; fileEncoding = 4; lastKnownFileType = sourcecode.swift; path = CoreDataTableViewController.swift; sourceTree = "<group>"; };
		BAC415281D91D88B00FF8B82 /* Helpers.swift */ = {isa = PBXFileReference; fileEncoding = 4; lastKnownFileType = sourcecode.swift; path = Helpers.swift; sourceTree = "<group>"; };
		BAC4152A1D91E19800FF8B82 /* Configuration.swift */ = {isa = PBXFileReference; fileEncoding = 4; lastKnownFileType = sourcecode.swift; path = Configuration.swift; sourceTree = "<group>"; };
		BAC4152E1D91F6B400FF8B82 /* KeyboardScrollCoreDataEditViewController.swift */ = {isa = PBXFileReference; fileEncoding = 4; lastKnownFileType = sourcecode.swift; path = KeyboardScrollCoreDataEditViewController.swift; sourceTree = "<group>"; };
		BAC4D38A1D6533CF0042C774 /* Mooney.app */ = {isa = PBXFileReference; explicitFileType = wrapper.application; includeInIndex = 0; path = Mooney.app; sourceTree = BUILT_PRODUCTS_DIR; };
		BAC4D38D1D6533CF0042C774 /* AppDelegate.swift */ = {isa = PBXFileReference; lastKnownFileType = sourcecode.swift; path = AppDelegate.swift; sourceTree = "<group>"; };
		BAC4D38F1D6533CF0042C774 /* TransactionsTableViewController.swift */ = {isa = PBXFileReference; lastKnownFileType = sourcecode.swift; path = TransactionsTableViewController.swift; sourceTree = "<group>"; };
		BAC4D3921D6533CF0042C774 /* Base */ = {isa = PBXFileReference; lastKnownFileType = file.storyboard; name = Base; path = Base.lproj/Main.storyboard; sourceTree = "<group>"; };
		BAC4D3951D6533CF0042C774 /* Mooney.xcdatamodel */ = {isa = PBXFileReference; lastKnownFileType = wrapper.xcdatamodel; path = Mooney.xcdatamodel; sourceTree = "<group>"; };
		BAC4D3971D6533CF0042C774 /* Assets.xcassets */ = {isa = PBXFileReference; lastKnownFileType = folder.assetcatalog; path = Assets.xcassets; sourceTree = "<group>"; };
		BAC4D39A1D6533CF0042C774 /* Base */ = {isa = PBXFileReference; lastKnownFileType = file.storyboard; name = Base; path = Base.lproj/LaunchScreen.storyboard; sourceTree = "<group>"; };
		BAC4D39C1D6533CF0042C774 /* Info.plist */ = {isa = PBXFileReference; lastKnownFileType = text.plist.xml; path = Info.plist; sourceTree = "<group>"; };
		BAC4D3AF1D655DB30042C774 /* CoreDataUtils.swift */ = {isa = PBXFileReference; fileEncoding = 4; lastKnownFileType = sourcecode.swift; path = CoreDataUtils.swift; sourceTree = "<group>"; };
		BAD40D0FA2E3DB0CF3686803 /* Pods_Mooney.framework */ = {isa = PBXFileReference; explicitFileType = wrapper.framework; includeInIndex = 0; path = Pods_Mooney.framework; sourceTree = BUILT_PRODUCTS_DIR; };
		BADA7B201D6BEBB700F28FD0 /* TransactionDetailsViewController.swift */ = {isa = PBXFileReference; fileEncoding = 4; lastKnownFileType = sourcecode.swift; path = TransactionDetailsViewController.swift; sourceTree = "<group>"; };
		BAE5E89D1D6DDF200084BDE3 /* AccountsTableViewController.swift */ = {isa = PBXFileReference; fileEncoding = 4; lastKnownFileType = sourcecode.swift; path = AccountsTableViewController.swift; sourceTree = "<group>"; };
		BAE5E8A21D6DE08B0084BDE3 /* CategoriesTableViewController.swift */ = {isa = PBXFileReference; fileEncoding = 4; lastKnownFileType = sourcecode.swift; path = CategoriesTableViewController.swift; sourceTree = "<group>"; };
		BAFE3B8A1D7EF65400764013 /* CurrencyTextField.swift */ = {isa = PBXFileReference; fileEncoding = 4; lastKnownFileType = sourcecode.swift; path = CurrencyTextField.swift; sourceTree = "<group>"; };
		CB744DE36DCE7E5D1CCB9109 /* Pods-Mooney.debug.xcconfig */ = {isa = PBXFileReference; includeInIndex = 1; lastKnownFileType = text.xcconfig; name = "Pods-Mooney.debug.xcconfig"; path = "Pods/Target Support Files/Pods-Mooney/Pods-Mooney.debug.xcconfig"; sourceTree = "<group>"; };
/* End PBXFileReference section */

/* Begin PBXFrameworksBuildPhase section */
		BA101E7D1E25045500412EA7 /* Frameworks */ = {
			isa = PBXFrameworksBuildPhase;
			buildActionMask = 2147483647;
			files = (
				BA101E821E25045500412EA7 /* NotificationCenter.framework in Frameworks */,
			);
			runOnlyForDeploymentPostprocessing = 0;
		};
		BAC4D3871D6533CF0042C774 /* Frameworks */ = {
			isa = PBXFrameworksBuildPhase;
			buildActionMask = 2147483647;
			files = (
				38BBB4FD3B9FD523D5A4FD27 /* Pods_Mooney.framework in Frameworks */,
			);
			runOnlyForDeploymentPostprocessing = 0;
		};
/* End PBXFrameworksBuildPhase section */

/* Begin PBXGroup section */
		9ABEBADD0F0B45FFE76CB104 /* Frameworks */ = {
			isa = PBXGroup;
			children = (
				BAD40D0FA2E3DB0CF3686803 /* Pods_Mooney.framework */,
				BA101E811E25045500412EA7 /* NotificationCenter.framework */,
			);
			name = Frameworks;
			sourceTree = "<group>";
		};
		A4EBB1AFB212BF8130565FFF /* Pods */ = {
			isa = PBXGroup;
			children = (
				CB744DE36DCE7E5D1CCB9109 /* Pods-Mooney.debug.xcconfig */,
				39B9912238B6806F5E1C7317 /* Pods-Mooney.release.xcconfig */,
			);
			name = Pods;
			sourceTree = "<group>";
		};
		BA101E831E25045500412EA7 /* Mooney Widget */ = {
			isa = PBXGroup;
			children = (
				BA101E841E25045500412EA7 /* TodayViewController.swift */,
				BA101E861E25045500412EA7 /* MainInterface.storyboard */,
				BA101E891E25045500412EA7 /* Info.plist */,
			);
			path = "Mooney Widget";
			sourceTree = "<group>";
		};
		BA2CE7E11D9A0B3B00254B41 /* API */ = {
			isa = PBXGroup;
			children = (
				BA2CE7E21D9A0BB200254B41 /* API.swift */,
			);
			name = API;
			sourceTree = "<group>";
		};
		BAA1412B1D732A17002A2C10 /* Common View Controllers */ = {
			isa = PBXGroup;
			children = (
				BAA141291D73168E002A2C10 /* CoreDataTableViewController.swift */,
				BA4B06271D7B26B90000FEF5 /* CoreDataDetailsViewController.swift */,
				BA4B06251D7B10990000FEF5 /* CoreDataEditViewController.swift */,
				BAC4152E1D91F6B400FF8B82 /* KeyboardScrollCoreDataEditViewController.swift */,
			);
			name = "Common View Controllers";
			sourceTree = "<group>";
		};
		BAC4D3811D6533CF0042C774 = {
			isa = PBXGroup;
			children = (
				BAC4D38C1D6533CF0042C774 /* Mooney */,
				BA101E831E25045500412EA7 /* Mooney Widget */,
				BAC4D38B1D6533CF0042C774 /* Products */,
				A4EBB1AFB212BF8130565FFF /* Pods */,
				9ABEBADD0F0B45FFE76CB104 /* Frameworks */,
			);
			sourceTree = "<group>";
		};
		BAC4D38B1D6533CF0042C774 /* Products */ = {
			isa = PBXGroup;
			children = (
				BAC4D38A1D6533CF0042C774 /* Mooney.app */,
				BA101E801E25045500412EA7 /* Mooney Widget.appex */,
			);
			name = Products;
			sourceTree = "<group>";
		};
		BAC4D38C1D6533CF0042C774 /* Mooney */ = {
			isa = PBXGroup;
			children = (
				BA2CE7E11D9A0B3B00254B41 /* API */,
				BAFE3B881D7EF61500764013 /* App */,
				BAE5E89F1D6DDF9C0084BDE3 /* Transactions */,
				BAE5E8A01D6DDFA20084BDE3 /* Accounts */,
				BAE5E8A11D6DE06E0084BDE3 /* Categories */,
				BAC4D3AE1D655A600042C774 /* Model */,
				BAA1412B1D732A17002A2C10 /* Common View Controllers */,
				BAFE3B891D7EF61E00764013 /* Common Views */,
			);
			path = Mooney;
			sourceTree = "<group>";
		};
		BAC4D3AE1D655A600042C774 /* Model */ = {
			isa = PBXGroup;
			children = (
				BAC4D3941D6533CF0042C774 /* Mooney.xcdatamodeld */,
				BA200FC61D73EB7E00607A94 /* Category+CoreDataProperties.swift */,
				BA200FC71D73EB7E00607A94 /* Category.swift */,
				BA200FC81D73EB7E00607A94 /* Account+CoreDataProperties.swift */,
				BA200FC91D73EB7E00607A94 /* Account.swift */,
				BA200FCA1D73EB7E00607A94 /* Transaction+CoreDataProperties.swift */,
				BA200FCB1D73EB7E00607A94 /* Transaction.swift */,
				BA200FCC1D73EB7E00607A94 /* BaseEntity+CoreDataProperties.swift */,
				BA200FCD1D73EB7E00607A94 /* BaseEntity.swift */,
				BAC4D3AF1D655DB30042C774 /* CoreDataUtils.swift */,
			);
			name = Model;
			sourceTree = "<group>";
		};
		BAE5E89F1D6DDF9C0084BDE3 /* Transactions */ = {
			isa = PBXGroup;
			children = (
				BAC4D38F1D6533CF0042C774 /* TransactionsTableViewController.swift */,
				BADA7B201D6BEBB700F28FD0 /* TransactionDetailsViewController.swift */,
				BA73C6011D7B0E1B004ECDB3 /* TransactionEditViewController.swift */,
				BA888D3F1D7B09BC00B22CF4 /* Transactions.storyboard */,
			);
			name = Transactions;
			sourceTree = "<group>";
		};
		BAE5E8A01D6DDFA20084BDE3 /* Accounts */ = {
			isa = PBXGroup;
			children = (
				BAE5E89D1D6DDF200084BDE3 /* AccountsTableViewController.swift */,
				BA4CA6D21D7463FE002F80D6 /* AccountDetailsViewController.swift */,
				BA52354F1D7CD603005B9BB5 /* AccountEditViewController.swift */,
				BA888D431D7B0AAD00B22CF4 /* Accounts.storyboard */,
			);
			name = Accounts;
			sourceTree = "<group>";
		};
		BAE5E8A11D6DE06E0084BDE3 /* Categories */ = {
			isa = PBXGroup;
			children = (
				BAE5E8A21D6DE08B0084BDE3 /* CategoriesTableViewController.swift */,
				BA4CA6D41D746425002F80D6 /* CategoryDetailsViewController.swift */,
				BA5235511D7CD742005B9BB5 /* CategoryEditViewController.swift */,
				BA888D411D7B0A4500B22CF4 /* Categories.storyboard */,
			);
			name = Categories;
			sourceTree = "<group>";
		};
		BAFE3B881D7EF61500764013 /* App */ = {
			isa = PBXGroup;
			children = (
				BAC4D3911D6533CF0042C774 /* Main.storyboard */,
				BAC4D3991D6533CF0042C774 /* LaunchScreen.storyboard */,
				BAC4D3971D6533CF0042C774 /* Assets.xcassets */,
				BAC4D39C1D6533CF0042C774 /* Info.plist */,
				BAC4D38D1D6533CF0042C774 /* AppDelegate.swift */,
				BAC415281D91D88B00FF8B82 /* Helpers.swift */,
				BAC4152A1D91E19800FF8B82 /* Configuration.swift */,
			);
			name = App;
			sourceTree = "<group>";
		};
		BAFE3B891D7EF61E00764013 /* Common Views */ = {
			isa = PBXGroup;
			children = (
				BA4909341D8F61E800D9DBB6 /* ExtractTransactionTableViewCell.swift */,
				BAFE3B8A1D7EF65400764013 /* CurrencyTextField.swift */,
			);
			name = "Common Views";
			sourceTree = "<group>";
		};
/* End PBXGroup section */

/* Begin PBXNativeTarget section */
		BA101E7F1E25045500412EA7 /* Mooney Widget */ = {
			isa = PBXNativeTarget;
			buildConfigurationList = BA101E8D1E25045500412EA7 /* Build configuration list for PBXNativeTarget "Mooney Widget" */;
			buildPhases = (
				BA101E7C1E25045500412EA7 /* Sources */,
				BA101E7D1E25045500412EA7 /* Frameworks */,
				BA101E7E1E25045500412EA7 /* Resources */,
			);
			buildRules = (
			);
			dependencies = (
			);
			name = "Mooney Widget";
			productName = "Mooney Widget";
			productReference = BA101E801E25045500412EA7 /* Mooney Widget.appex */;
			productType = "com.apple.product-type.app-extension";
		};
		BAC4D3891D6533CF0042C774 /* Mooney */ = {
			isa = PBXNativeTarget;
			buildConfigurationList = BAC4D39F1D6533CF0042C774 /* Build configuration list for PBXNativeTarget "Mooney" */;
			buildPhases = (
				3A230A16C3E759935FA7196D /* [CP] Check Pods Manifest.lock */,
				BAC4D3861D6533CF0042C774 /* Sources */,
				BAC4D3871D6533CF0042C774 /* Frameworks */,
				BAC4D3881D6533CF0042C774 /* Resources */,
				551A1ED4D38121B3237DD6E8 /* [CP] Embed Pods Frameworks */,
				9FD0F2A3E8ADFD191C7804ED /* [CP] Copy Pods Resources */,
				BA101E901E25045500412EA7 /* Embed App Extensions */,
			);
			buildRules = (
			);
			dependencies = (
				BA101E8B1E25045500412EA7 /* PBXTargetDependency */,
			);
			name = Mooney;
			productName = Mooney;
			productReference = BAC4D38A1D6533CF0042C774 /* Mooney.app */;
			productType = "com.apple.product-type.application";
		};
/* End PBXNativeTarget section */

/* Begin PBXProject section */
		BAC4D3821D6533CF0042C774 /* Project object */ = {
			isa = PBXProject;
			attributes = {
				LastSwiftUpdateCheck = 0820;
				LastUpgradeCheck = 0820;
				ORGANIZATIONNAME = "Ricardo Gehrke Filho";
				TargetAttributes = {
					BA101E7F1E25045500412EA7 = {
						CreatedOnToolsVersion = 8.2.1;
						DevelopmentTeam = 2T9EKFYB5P;
						ProvisioningStyle = Automatic;
					};
					BAC4D3891D6533CF0042C774 = {
						CreatedOnToolsVersion = 7.3.1;
						DevelopmentTeam = 2T9EKFYB5P;
						LastSwiftMigration = 0800;
					};
				};
			};
			buildConfigurationList = BAC4D3851D6533CF0042C774 /* Build configuration list for PBXProject "Mooney" */;
			compatibilityVersion = "Xcode 3.2";
			developmentRegion = English;
			hasScannedForEncodings = 0;
			knownRegions = (
				en,
				Base,
			);
			mainGroup = BAC4D3811D6533CF0042C774;
			productRefGroup = BAC4D38B1D6533CF0042C774 /* Products */;
			projectDirPath = "";
			projectRoot = "";
			targets = (
				BAC4D3891D6533CF0042C774 /* Mooney */,
				BA101E7F1E25045500412EA7 /* Mooney Widget */,
			);
		};
/* End PBXProject section */

/* Begin PBXResourcesBuildPhase section */
		BA101E7E1E25045500412EA7 /* Resources */ = {
			isa = PBXResourcesBuildPhase;
			buildActionMask = 2147483647;
			files = (
				BA101E881E25045500412EA7 /* MainInterface.storyboard in Resources */,
			);
			runOnlyForDeploymentPostprocessing = 0;
		};
		BAC4D3881D6533CF0042C774 /* Resources */ = {
			isa = PBXResourcesBuildPhase;
			buildActionMask = 2147483647;
			files = (
				BA888D421D7B0A4500B22CF4 /* Categories.storyboard in Resources */,
				BAC4D39B1D6533CF0042C774 /* LaunchScreen.storyboard in Resources */,
				BA888D441D7B0AAD00B22CF4 /* Accounts.storyboard in Resources */,
				BAC4D3981D6533CF0042C774 /* Assets.xcassets in Resources */,
				BAC4D3931D6533CF0042C774 /* Main.storyboard in Resources */,
				BA888D401D7B09BC00B22CF4 /* Transactions.storyboard in Resources */,
			);
			runOnlyForDeploymentPostprocessing = 0;
		};
/* End PBXResourcesBuildPhase section */

/* Begin PBXShellScriptBuildPhase section */
		3A230A16C3E759935FA7196D /* [CP] Check Pods Manifest.lock */ = {
			isa = PBXShellScriptBuildPhase;
			buildActionMask = 2147483647;
			files = (
			);
			inputPaths = (
			);
			name = "[CP] Check Pods Manifest.lock";
			outputPaths = (
			);
			runOnlyForDeploymentPostprocessing = 0;
			shellPath = /bin/sh;
			shellScript = "diff \"${PODS_ROOT}/../Podfile.lock\" \"${PODS_ROOT}/Manifest.lock\" > /dev/null\nif [ $? != 0 ] ; then\n    # print error to STDERR\n    echo \"error: The sandbox is not in sync with the Podfile.lock. Run 'pod install' or update your CocoaPods installation.\" >&2\n    exit 1\nfi\n";
			showEnvVarsInLog = 0;
		};
		551A1ED4D38121B3237DD6E8 /* [CP] Embed Pods Frameworks */ = {
			isa = PBXShellScriptBuildPhase;
			buildActionMask = 2147483647;
			files = (
			);
			inputPaths = (
			);
			name = "[CP] Embed Pods Frameworks";
			outputPaths = (
			);
			runOnlyForDeploymentPostprocessing = 0;
			shellPath = /bin/sh;
			shellScript = "\"${SRCROOT}/Pods/Target Support Files/Pods-Mooney/Pods-Mooney-frameworks.sh\"\n";
			showEnvVarsInLog = 0;
		};
		9FD0F2A3E8ADFD191C7804ED /* [CP] Copy Pods Resources */ = {
			isa = PBXShellScriptBuildPhase;
			buildActionMask = 2147483647;
			files = (
			);
			inputPaths = (
			);
			name = "[CP] Copy Pods Resources";
			outputPaths = (
			);
			runOnlyForDeploymentPostprocessing = 0;
			shellPath = /bin/sh;
			shellScript = "\"${SRCROOT}/Pods/Target Support Files/Pods-Mooney/Pods-Mooney-resources.sh\"\n";
			showEnvVarsInLog = 0;
		};
/* End PBXShellScriptBuildPhase section */

/* Begin PBXSourcesBuildPhase section */
		BA101E7C1E25045500412EA7 /* Sources */ = {
			isa = PBXSourcesBuildPhase;
			buildActionMask = 2147483647;
			files = (
				BA101E851E25045500412EA7 /* TodayViewController.swift in Sources */,
			);
			runOnlyForDeploymentPostprocessing = 0;
		};
		BAC4D3861D6533CF0042C774 /* Sources */ = {
			isa = PBXSourcesBuildPhase;
			buildActionMask = 2147483647;
			files = (
				BA200FD31D73EB7E00607A94 /* Transaction.swift in Sources */,
				BA4B06281D7B26B90000FEF5 /* CoreDataDetailsViewController.swift in Sources */,
				BA4CA6D31D7463FF002F80D6 /* AccountDetailsViewController.swift in Sources */,
				BAA1412A1D73168E002A2C10 /* CoreDataTableViewController.swift in Sources */,
				BA5235501D7CD603005B9BB5 /* AccountEditViewController.swift in Sources */,
				BA200FD01D73EB7E00607A94 /* Account+CoreDataProperties.swift in Sources */,
				BAFE3B8B1D7EF65400764013 /* CurrencyTextField.swift in Sources */,
				BA200FD51D73EB7E00607A94 /* BaseEntity.swift in Sources */,
				BA200FCF1D73EB7E00607A94 /* Category.swift in Sources */,
				BA200FCE1D73EB7E00607A94 /* Category+CoreDataProperties.swift in Sources */,
				BAE5E8A31D6DE08B0084BDE3 /* CategoriesTableViewController.swift in Sources */,
				BA200FD11D73EB7E00607A94 /* Account.swift in Sources */,
				BAE5E89E1D6DDF200084BDE3 /* AccountsTableViewController.swift in Sources */,
				BA4B06261D7B10990000FEF5 /* CoreDataEditViewController.swift in Sources */,
				BA2CE7E31D9A0BB200254B41 /* API.swift in Sources */,
				BAC4D3901D6533CF0042C774 /* TransactionsTableViewController.swift in Sources */,
				BAC4D38E1D6533CF0042C774 /* AppDelegate.swift in Sources */,
				BA4909351D8F61E800D9DBB6 /* ExtractTransactionTableViewCell.swift in Sources */,
				BAC4D3B01D655DB30042C774 /* CoreDataUtils.swift in Sources */,
				BA4CA6D51D746425002F80D6 /* CategoryDetailsViewController.swift in Sources */,
				BAC4D3961D6533CF0042C774 /* Mooney.xcdatamodeld in Sources */,
				BAC4152F1D91F6B400FF8B82 /* KeyboardScrollCoreDataEditViewController.swift in Sources */,
				BA73C6021D7B0E1B004ECDB3 /* TransactionEditViewController.swift in Sources */,
				BAC4152B1D91E19800FF8B82 /* Configuration.swift in Sources */,
				BADA7B211D6BEBB700F28FD0 /* TransactionDetailsViewController.swift in Sources */,
				BA200FD21D73EB7E00607A94 /* Transaction+CoreDataProperties.swift in Sources */,
				BAC415291D91D88B00FF8B82 /* Helpers.swift in Sources */,
				BA200FD41D73EB7E00607A94 /* BaseEntity+CoreDataProperties.swift in Sources */,
				BA5235521D7CD742005B9BB5 /* CategoryEditViewController.swift in Sources */,
			);
			runOnlyForDeploymentPostprocessing = 0;
		};
/* End PBXSourcesBuildPhase section */

/* Begin PBXTargetDependency section */
		BA101E8B1E25045500412EA7 /* PBXTargetDependency */ = {
			isa = PBXTargetDependency;
			target = BA101E7F1E25045500412EA7 /* Mooney Widget */;
			targetProxy = BA101E8A1E25045500412EA7 /* PBXContainerItemProxy */;
		};
/* End PBXTargetDependency section */

/* Begin PBXVariantGroup section */
		BA101E861E25045500412EA7 /* MainInterface.storyboard */ = {
			isa = PBXVariantGroup;
			children = (
				BA101E871E25045500412EA7 /* Base */,
			);
			name = MainInterface.storyboard;
			sourceTree = "<group>";
		};
		BAC4D3911D6533CF0042C774 /* Main.storyboard */ = {
			isa = PBXVariantGroup;
			children = (
				BAC4D3921D6533CF0042C774 /* Base */,
			);
			name = Main.storyboard;
			sourceTree = "<group>";
		};
		BAC4D3991D6533CF0042C774 /* LaunchScreen.storyboard */ = {
			isa = PBXVariantGroup;
			children = (
				BAC4D39A1D6533CF0042C774 /* Base */,
			);
			name = LaunchScreen.storyboard;
			sourceTree = "<group>";
		};
/* End PBXVariantGroup section */

/* Begin XCBuildConfiguration section */
		BA101E8E1E25045500412EA7 /* Debug */ = {
			isa = XCBuildConfiguration;
			buildSettings = {
				CLANG_WARN_DOCUMENTATION_COMMENTS = YES;
				DEVELOPMENT_TEAM = 2T9EKFYB5P;
				INFOPLIST_FILE = "Mooney Widget/Info.plist";
				IPHONEOS_DEPLOYMENT_TARGET = 10.2;
				LD_RUNPATH_SEARCH_PATHS = "$(inherited) @executable_path/Frameworks @executable_path/../../Frameworks";
				PRODUCT_BUNDLE_IDENTIFIER = "br.com.ricardofilho.RichRobot.Mooney-Widget";
				PRODUCT_NAME = "$(TARGET_NAME)";
				SKIP_INSTALL = YES;
				SWIFT_ACTIVE_COMPILATION_CONDITIONS = DEBUG;
				SWIFT_VERSION = 3.0;
			};
			name = Debug;
		};
		BA101E8F1E25045500412EA7 /* Release */ = {
			isa = XCBuildConfiguration;
			buildSettings = {
				CLANG_WARN_DOCUMENTATION_COMMENTS = YES;
				DEVELOPMENT_TEAM = 2T9EKFYB5P;
				INFOPLIST_FILE = "Mooney Widget/Info.plist";
				IPHONEOS_DEPLOYMENT_TARGET = 10.2;
				LD_RUNPATH_SEARCH_PATHS = "$(inherited) @executable_path/Frameworks @executable_path/../../Frameworks";
				PRODUCT_BUNDLE_IDENTIFIER = "br.com.ricardofilho.RichRobot.Mooney-Widget";
				PRODUCT_NAME = "$(TARGET_NAME)";
				SKIP_INSTALL = YES;
				SWIFT_VERSION = 3.0;
			};
			name = Release;
		};
		BAC4D39D1D6533CF0042C774 /* Debug */ = {
			isa = XCBuildConfiguration;
			buildSettings = {
				ALWAYS_SEARCH_USER_PATHS = NO;
				CLANG_ANALYZER_NONNULL = YES;
				CLANG_CXX_LANGUAGE_STANDARD = "gnu++0x";
				CLANG_CXX_LIBRARY = "libc++";
				CLANG_ENABLE_MODULES = YES;
				CLANG_ENABLE_OBJC_ARC = YES;
				CLANG_WARN_BOOL_CONVERSION = YES;
				CLANG_WARN_CONSTANT_CONVERSION = YES;
				CLANG_WARN_DIRECT_OBJC_ISA_USAGE = YES_ERROR;
				CLANG_WARN_EMPTY_BODY = YES;
				CLANG_WARN_ENUM_CONVERSION = YES;
				CLANG_WARN_INFINITE_RECURSION = YES;
				CLANG_WARN_INT_CONVERSION = YES;
				CLANG_WARN_OBJC_ROOT_CLASS = YES_ERROR;
				CLANG_WARN_SUSPICIOUS_MOVE = YES;
				CLANG_WARN_UNREACHABLE_CODE = YES;
				CLANG_WARN__DUPLICATE_METHOD_MATCH = YES;
				"CODE_SIGN_IDENTITY[sdk=iphoneos*]" = "iPhone Developer";
				COPY_PHASE_STRIP = NO;
				DEBUG_INFORMATION_FORMAT = dwarf;
				ENABLE_STRICT_OBJC_MSGSEND = YES;
				ENABLE_TESTABILITY = YES;
				GCC_C_LANGUAGE_STANDARD = gnu99;
				GCC_DYNAMIC_NO_PIC = NO;
				GCC_NO_COMMON_BLOCKS = YES;
				GCC_OPTIMIZATION_LEVEL = 0;
				GCC_PREPROCESSOR_DEFINITIONS = (
					"DEBUG=1",
					"$(inherited)",
				);
				GCC_WARN_64_TO_32_BIT_CONVERSION = YES;
				GCC_WARN_ABOUT_RETURN_TYPE = YES_ERROR;
				GCC_WARN_UNDECLARED_SELECTOR = YES;
				GCC_WARN_UNINITIALIZED_AUTOS = YES_AGGRESSIVE;
				GCC_WARN_UNUSED_FUNCTION = YES;
				GCC_WARN_UNUSED_VARIABLE = YES;
				IPHONEOS_DEPLOYMENT_TARGET = 10.0;
				MTL_ENABLE_DEBUG_INFO = YES;
				ONLY_ACTIVE_ARCH = YES;
				SDKROOT = iphoneos;
				SWIFT_OPTIMIZATION_LEVEL = "-Onone";
			};
			name = Debug;
		};
		BAC4D39E1D6533CF0042C774 /* Release */ = {
			isa = XCBuildConfiguration;
			buildSettings = {
				ALWAYS_SEARCH_USER_PATHS = NO;
				CLANG_ANALYZER_NONNULL = YES;
				CLANG_CXX_LANGUAGE_STANDARD = "gnu++0x";
				CLANG_CXX_LIBRARY = "libc++";
				CLANG_ENABLE_MODULES = YES;
				CLANG_ENABLE_OBJC_ARC = YES;
				CLANG_WARN_BOOL_CONVERSION = YES;
				CLANG_WARN_CONSTANT_CONVERSION = YES;
				CLANG_WARN_DIRECT_OBJC_ISA_USAGE = YES_ERROR;
				CLANG_WARN_EMPTY_BODY = YES;
				CLANG_WARN_ENUM_CONVERSION = YES;
				CLANG_WARN_INFINITE_RECURSION = YES;
				CLANG_WARN_INT_CONVERSION = YES;
				CLANG_WARN_OBJC_ROOT_CLASS = YES_ERROR;
				CLANG_WARN_SUSPICIOUS_MOVE = YES;
				CLANG_WARN_UNREACHABLE_CODE = YES;
				CLANG_WARN__DUPLICATE_METHOD_MATCH = YES;
				"CODE_SIGN_IDENTITY[sdk=iphoneos*]" = "iPhone Developer";
				COPY_PHASE_STRIP = NO;
				DEBUG_INFORMATION_FORMAT = "dwarf-with-dsym";
				ENABLE_NS_ASSERTIONS = NO;
				ENABLE_STRICT_OBJC_MSGSEND = YES;
				GCC_C_LANGUAGE_STANDARD = gnu99;
				GCC_NO_COMMON_BLOCKS = YES;
				GCC_WARN_64_TO_32_BIT_CONVERSION = YES;
				GCC_WARN_ABOUT_RETURN_TYPE = YES_ERROR;
				GCC_WARN_UNDECLARED_SELECTOR = YES;
				GCC_WARN_UNINITIALIZED_AUTOS = YES_AGGRESSIVE;
				GCC_WARN_UNUSED_FUNCTION = YES;
				GCC_WARN_UNUSED_VARIABLE = YES;
				IPHONEOS_DEPLOYMENT_TARGET = 10.0;
				MTL_ENABLE_DEBUG_INFO = NO;
				SDKROOT = iphoneos;
				SWIFT_OPTIMIZATION_LEVEL = "-Owholemodule";
				VALIDATE_PRODUCT = YES;
			};
			name = Release;
		};
		BAC4D3A01D6533CF0042C774 /* Debug */ = {
			isa = XCBuildConfiguration;
			baseConfigurationReference = CB744DE36DCE7E5D1CCB9109 /* Pods-Mooney.debug.xcconfig */;
			buildSettings = {
				ALWAYS_EMBED_SWIFT_STANDARD_LIBRARIES = YES;
				ASSETCATALOG_COMPILER_APPICON_NAME = AppIcon;
				DEVELOPMENT_TEAM = 2T9EKFYB5P;
				INFOPLIST_FILE = Mooney/Info.plist;
				LD_RUNPATH_SEARCH_PATHS = "$(inherited) @executable_path/Frameworks";
				PRODUCT_BUNDLE_IDENTIFIER = br.com.ricardofilho.RichRobot;
				PRODUCT_NAME = "$(TARGET_NAME)";
				SWIFT_VERSION = 3.0;
			};
			name = Debug;
		};
		BAC4D3A11D6533CF0042C774 /* Release */ = {
			isa = XCBuildConfiguration;
			baseConfigurationReference = 39B9912238B6806F5E1C7317 /* Pods-Mooney.release.xcconfig */;
			buildSettings = {
				ALWAYS_EMBED_SWIFT_STANDARD_LIBRARIES = YES;
				ASSETCATALOG_COMPILER_APPICON_NAME = AppIcon;
				DEVELOPMENT_TEAM = 2T9EKFYB5P;
				INFOPLIST_FILE = Mooney/Info.plist;
				LD_RUNPATH_SEARCH_PATHS = "$(inherited) @executable_path/Frameworks";
				PRODUCT_BUNDLE_IDENTIFIER = br.com.ricardofilho.RichRobot;
				PRODUCT_NAME = "$(TARGET_NAME)";
				SWIFT_VERSION = 3.0;
			};
			name = Release;
		};
/* End XCBuildConfiguration section */

/* Begin XCConfigurationList section */
		BA101E8D1E25045500412EA7 /* Build configuration list for PBXNativeTarget "Mooney Widget" */ = {
			isa = XCConfigurationList;
			buildConfigurations = (
				BA101E8E1E25045500412EA7 /* Debug */,
				BA101E8F1E25045500412EA7 /* Release */,
			);
			defaultConfigurationIsVisible = 0;
		};
		BAC4D3851D6533CF0042C774 /* Build configuration list for PBXProject "Mooney" */ = {
			isa = XCConfigurationList;
			buildConfigurations = (
				BAC4D39D1D6533CF0042C774 /* Debug */,
				BAC4D39E1D6533CF0042C774 /* Release */,
			);
			defaultConfigurationIsVisible = 0;
			defaultConfigurationName = Release;
		};
		BAC4D39F1D6533CF0042C774 /* Build configuration list for PBXNativeTarget "Mooney" */ = {
			isa = XCConfigurationList;
			buildConfigurations = (
				BAC4D3A01D6533CF0042C774 /* Debug */,
				BAC4D3A11D6533CF0042C774 /* Release */,
			);
			defaultConfigurationIsVisible = 0;
			defaultConfigurationName = Release;
		};
/* End XCConfigurationList section */

/* Begin XCVersionGroup section */
		BAC4D3941D6533CF0042C774 /* Mooney.xcdatamodeld */ = {
			isa = XCVersionGroup;
			children = (
				BAC4D3951D6533CF0042C774 /* Mooney.xcdatamodel */,
			);
			currentVersion = BAC4D3951D6533CF0042C774 /* Mooney.xcdatamodel */;
			path = Mooney.xcdatamodeld;
			sourceTree = "<group>";
			versionGroupType = wrapper.xcdatamodel;
		};
/* End XCVersionGroup section */
	};
	rootObject = BAC4D3821D6533CF0042C774 /* Project object */;
}
